// !$*UTF8*$!
{
	archiveVersion = 1;
	classes = {
	};
	objectVersion = 46;
	objects = {

/* Begin PBXBuildFile section */
		596B175A1C2FD84B0036E8C2 /* main.m in Sources */ = {isa = PBXBuildFile; fileRef = 596B17591C2FD84B0036E8C2 /* main.m */; };
		596B175D1C2FD84B0036E8C2 /* AppDelegate.m in Sources */ = {isa = PBXBuildFile; fileRef = 596B175C1C2FD84B0036E8C2 /* AppDelegate.m */; };
		596B17601C2FD84B0036E8C2 /* ViewController.m in Sources */ = {isa = PBXBuildFile; fileRef = 596B175F1C2FD84B0036E8C2 /* ViewController.m */; };
		596B17631C2FD84B0036E8C2 /* Main.storyboard in Resources */ = {isa = PBXBuildFile; fileRef = 596B17611C2FD84B0036E8C2 /* Main.storyboard */; };
		596B17651C2FD84B0036E8C2 /* Images.xcassets in Resources */ = {isa = PBXBuildFile; fileRef = 596B17641C2FD84B0036E8C2 /* Images.xcassets */; };
		596B17681C2FD84B0036E8C2 /* LaunchScreen.xib in Resources */ = {isa = PBXBuildFile; fileRef = 596B17661C2FD84B0036E8C2 /* LaunchScreen.xib */; };
		596B17741C2FD84B0036E8C2 /* MyPodTests.m in Sources */ = {isa = PBXBuildFile; fileRef = 596B17731C2FD84B0036E8C2 /* MyPodTests.m */; };
		596B177E1C2FD9350036E8C2 /* MyPod.podspec in Resources */ = {isa = PBXBuildFile; fileRef = 596B177D1C2FD9350036E8C2 /* MyPod.podspec */; };
/* End PBXBuildFile section */

/* Begin PBXContainerItemProxy section */
		596B176E1C2FD84B0036E8C2 /* PBXContainerItemProxy */ = {
			isa = PBXContainerItemProxy;
			containerPortal = 596B174C1C2FD84B0036E8C2 /* Project object */;
			proxyType = 1;
			remoteGlobalIDString = 596B17531C2FD84B0036E8C2;
			remoteInfo = MyPod;
		};
/* End PBXContainerItemProxy section */

/* Begin PBXFileReference section */
		596B17541C2FD84B0036E8C2 /* MyPod.app */ = {isa = PBXFileReference; explicitFileType = wrapper.application; includeInIndex = 0; path = MyPod.app; sourceTree = BUILT_PRODUCTS_DIR; };
		596B17581C2FD84B0036E8C2 /* Info.plist */ = {isa = PBXFileReference; lastKnownFileType = text.plist.xml; path = Info.plist; sourceTree = "<group>"; };
		596B17591C2FD84B0036E8C2 /* main.m */ = {isa = PBXFileReference; lastKnownFileType = sourcecode.c.objc; path = main.m; sourceTree = "<group>"; };
		596B175B1C2FD84B0036E8C2 /* AppDelegate.h */ = {isa = PBXFileReference; lastKnownFileType = sourcecode.c.h; path = AppDelegate.h; sourceTree = "<group>"; };
		596B175C1C2FD84B0036E8C2 /* AppDelegate.m */ = {isa = PBXFileReference; lastKnownFileType = sourcecode.c.objc; path = AppDelegate.m; sourceTree = "<group>"; };
		596B175E1C2FD84B0036E8C2 /* ViewController.h */ = {isa = PBXFileReference; lastKnownFileType = sourcecode.c.h; path = ViewController.h; sourceTree = "<group>"; };
		596B175F1C2FD84B0036E8C2 /* ViewController.m */ = {isa = PBXFileReference; lastKnownFileType = sourcecode.c.objc; path = ViewController.m; sourceTree = "<group>"; };
		596B17621C2FD84B0036E8C2 /* Base */ = {isa = PBXFileReference; lastKnownFileType = file.storyboard; name = Base; path = Base.lproj/Main.storyboard; sourceTree = "<group>"; };
		596B17641C2FD84B0036E8C2 /* Images.xcassets */ = {isa = PBXFileReference; lastKnownFileType = folder.assetcatalog; path = Images.xcassets; sourceTree = "<group>"; };
		596B17671C2FD84B0036E8C2 /* Base */ = {isa = PBXFileReference; lastKnownFileType = file.xib; name = Base; path = Base.lproj/LaunchScreen.xib; sourceTree = "<group>"; };
		596B176D1C2FD84B0036E8C2 /* MyPodTests.xctest */ = {isa = PBXFileReference; explicitFileType = wrapper.cfbundle; includeInIndex = 0; path = MyPodTests.xctest; sourceTree = BUILT_PRODUCTS_DIR; };
		596B17721C2FD84B0036E8C2 /* Info.plist */ = {isa = PBXFileReference; lastKnownFileType = text.plist.xml; path = Info.plist; sourceTree = "<group>"; };
		596B17731C2FD84B0036E8C2 /* MyPodTests.m */ = {isa = PBXFileReference; lastKnownFileType = sourcecode.c.objc; path = MyPodTests.m; sourceTree = "<group>"; };
		596B177D1C2FD9350036E8C2 /* MyPod.podspec */ = {isa = PBXFileReference; fileEncoding = 4; lastKnownFileType = text; path = MyPod.podspec; sourceTree = "<group>"; };
/* End PBXFileReference section */

/* Begin PBXFrameworksBuildPhase section */
		596B17511C2FD84B0036E8C2 /* Frameworks */ = {
			isa = PBXFrameworksBuildPhase;
			buildActionMask = 2147483647;
			files = (
			);
			runOnlyForDeploymentPostprocessing = 0;
		};
		596B176A1C2FD84B0036E8C2 /* Frameworks */ = {
			isa = PBXFrameworksBuildPhase;
			buildActionMask = 2147483647;
			files = (
			);
			runOnlyForDeploymentPostprocessing = 0;
		};
/* End PBXFrameworksBuildPhase section */

/* Begin PBXGroup section */
		596B174B1C2FD84B0036E8C2 = {
			isa = PBXGroup;
			children = (
				596B17561C2FD84B0036E8C2 /* MyPod */,
				596B17701C2FD84B0036E8C2 /* MyPodTests */,
				596B17551C2FD84B0036E8C2 /* Products */,
			);
			sourceTree = "<group>";
		};
		596B17551C2FD84B0036E8C2 /* Products */ = {
			isa = PBXGroup;
			children = (
				596B17541C2FD84B0036E8C2 /* MyPod.app */,
				596B176D1C2FD84B0036E8C2 /* MyPodTests.xctest */,
			);
			name = Products;
			sourceTree = "<group>";
		};
		596B17561C2FD84B0036E8C2 /* MyPod */ = {
			isa = PBXGroup;
			children = (
				596B175B1C2FD84B0036E8C2 /* AppDelegate.h */,
				596B175C1C2FD84B0036E8C2 /* AppDelegate.m */,
				596B175E1C2FD84B0036E8C2 /* ViewController.h */,
				596B175F1C2FD84B0036E8C2 /* ViewController.m */,
				596B17611C2FD84B0036E8C2 /* Main.storyboard */,
				596B17641C2FD84B0036E8C2 /* Images.xcassets */,
				596B17661C2FD84B0036E8C2 /* LaunchScreen.xib */,
				596B17571C2FD84B0036E8C2 /* Supporting Files */,
				596B177D1C2FD9350036E8C2 /* MyPod.podspec */,
			);
			path = MyPod;
			sourceTree = "<group>";
		};
		596B17571C2FD84B0036E8C2 /* Supporting Files */ = {
			isa = PBXGroup;
			children = (
				596B17581C2FD84B0036E8C2 /* Info.plist */,
				596B17591C2FD84B0036E8C2 /* main.m */,
			);
			name = "Supporting Files";
			sourceTree = "<group>";
		};
		596B17701C2FD84B0036E8C2 /* MyPodTests */ = {
			isa = PBXGroup;
			children = (
				596B17731C2FD84B0036E8C2 /* MyPodTests.m */,
				596B17711C2FD84B0036E8C2 /* Supporting Files */,
			);
			path = MyPodTests;
			sourceTree = "<group>";
		};
		596B17711C2FD84B0036E8C2 /* Supporting Files */ = {
			isa = PBXGroup;
			children = (
				596B17721C2FD84B0036E8C2 /* Info.plist */,
			);
			name = "Supporting Files";
			sourceTree = "<group>";
		};
/* End PBXGroup section */

/* Begin PBXNativeTarget section */
		596B17531C2FD84B0036E8C2 /* MyPod */ = {
			isa = PBXNativeTarget;
			buildConfigurationList = 596B17771C2FD84B0036E8C2 /* Build configuration list for PBXNativeTarget "MyPod" */;
			buildPhases = (
				596B17501C2FD84B0036E8C2 /* Sources */,
				596B17511C2FD84B0036E8C2 /* Frameworks */,
				596B17521C2FD84B0036E8C2 /* Resources */,
			);
			buildRules = (
			);
			dependencies = (
			);
			name = MyPod;
			productName = MyPod;
			productReference = 596B17541C2FD84B0036E8C2 /* MyPod.app */;
			productType = "com.apple.product-type.application";
		};
		596B176C1C2FD84B0036E8C2 /* MyPodTests */ = {
			isa = PBXNativeTarget;
			buildConfigurationList = 596B177A1C2FD84B0036E8C2 /* Build configuration list for PBXNativeTarget "MyPodTests" */;
			buildPhases = (
				596B17691C2FD84B0036E8C2 /* Sources */,
				596B176A1C2FD84B0036E8C2 /* Frameworks */,
				596B176B1C2FD84B0036E8C2 /* Resources */,
			);
			buildRules = (
			);
			dependencies = (
				596B176F1C2FD84B0036E8C2 /* PBXTargetDependency */,
			);
			name = MyPodTests;
			productName = MyPodTests;
			productReference = 596B176D1C2FD84B0036E8C2 /* MyPodTests.xctest */;
			productType = "com.apple.product-type.bundle.unit-test";
		};
/* End PBXNativeTarget section */

/* Begin PBXProject section */
		596B174C1C2FD84B0036E8C2 /* Project object */ = {
			isa = PBXProject;
			attributes = {
				LastUpgradeCheck = 0640;
				ORGANIZATIONNAME = zmjr;
				TargetAttributes = {
					596B17531C2FD84B0036E8C2 = {
						CreatedOnToolsVersion = 6.4;
					};
					596B176C1C2FD84B0036E8C2 = {
						CreatedOnToolsVersion = 6.4;
						TestTargetID = 596B17531C2FD84B0036E8C2;
					};
				};
			};
			buildConfigurationList = 596B174F1C2FD84B0036E8C2 /* Build configuration list for PBXProject "MyPod" */;
			compatibilityVersion = "Xcode 3.2";
			developmentRegion = English;
			hasScannedForEncodings = 0;
			knownRegions = (
				en,
				Base,
			);
			mainGroup = 596B174B1C2FD84B0036E8C2;
			productRefGroup = 596B17551C2FD84B0036E8C2 /* Products */;
			projectDirPath = "";
			projectRoot = "";
			targets = (
				596B17531C2FD84B0036E8C2 /* MyPod */,
				596B176C1C2FD84B0036E8C2 /* MyPodTests */,
			);
		};
/* End PBXProject section */

/* Begin PBXResourcesBuildPhase section */
		596B17521C2FD84B0036E8C2 /* Resources */ = {
			isa = PBXResourcesBuildPhase;
			buildActionMask = 2147483647;
			files = (
				596B17631C2FD84B0036E8C2 /* Main.storyboard in Resources */,
				596B17681C2FD84B0036E8C2 /* LaunchScreen.xib in Resources */,
				596B177E1C2FD9350036E8C2 /* MyPod.podspec in Resources */,
				596B17651C2FD84B0036E8C2 /* Images.xcassets in Resources */,
			);
			runOnlyForDeploymentPostprocessing = 0;
		};
		596B176B1C2FD84B0036E8C2 /* Resources */ = {
			isa = PBXResourcesBuildPhase;
			buildActionMask = 2147483647;
			files = (
			);
			runOnlyForDeploymentPostprocessing = 0;
		};
/* End PBXResourcesBuildPhase section */

/* Begin PBXSourcesBuildPhase section */
		596B17501C2FD84B0036E8C2 /* Sources */ = {
			isa = PBXSourcesBuildPhase;
			buildActionMask = 2147483647;
			files = (
				596B17601C2FD84B0036E8C2 /* ViewController.m in Sources */,
				596B175D1C2FD84B0036E8C2 /* AppDelegate.m in Sources */,
				596B175A1C2FD84B0036E8C2 /* main.m in Sources */,
			);
			runOnlyForDeploymentPostprocessing = 0;
		};
		596B17691C2FD84B0036E8C2 /* Sources */ = {
			isa = PBXSourcesBuildPhase;
			buildActionMask = 2147483647;
			files = (
				596B17741C2FD84B0036E8C2 /* MyPodTests.m in Sources */,
			);
			runOnlyForDeploymentPostprocessing = 0;
		};
/* End PBXSourcesBuildPhase section */

/* Begin PBXTargetDependency section */
		596B176F1C2FD84B0036E8C2 /* PBXTargetDependency */ = {
			isa = PBXTargetDependency;
			target = 596B17531C2FD84B0036E8C2 /* MyPod */;
			targetProxy = 596B176E1C2FD84B0036E8C2 /* PBXContainerItemProxy */;
		};
/* End PBXTargetDependency section */

/* Begin PBXVariantGroup section */
		596B17611C2FD84B0036E8C2 /* Main.storyboard */ = {
			isa = PBXVariantGroup;
			children = (
				596B17621C2FD84B0036E8C2 /* Base */,
			);
			name = Main.storyboard;
			sourceTree = "<group>";
		};
		596B17661C2FD84B0036E8C2 /* LaunchScreen.xib */ = {
			isa = PBXVariantGroup;
			children = (
				596B17671C2FD84B0036E8C2 /* Base */,
			);
			name = LaunchScreen.xib;
			sourceTree = "<group>";
		};
/* End PBXVariantGroup section */

/* Begin XCBuildConfiguration section */
		596B17751C2FD84B0036E8C2 /* Debug */ = {
			isa = XCBuildConfiguration;
			buildSettings = {
				ALWAYS_SEARCH_USER_PATHS = NO;
				CLANG_CXX_LANGUAGE_STANDARD = "gnu++0x";
				CLANG_CXX_LIBRARY = "libc++";
				CLANG_ENABLE_MODULES = YES;
				CLANG_ENABLE_OBJC_ARC = YES;
				CLANG_WARN_BOOL_CONVERSION = YES;
				CLANG_WARN_CONSTANT_CONVERSION = YES;
				CLANG_WARN_DIRECT_OBJC_ISA_USAGE = YES_ERROR;
				CLANG_WARN_EMPTY_BODY = YES;
				CLANG_WARN_ENUM_CONVERSION = YES;
				CLANG_WARN_INT_CONVERSION = YES;
				CLANG_WARN_OBJC_ROOT_CLASS = YES_ERROR;
				CLANG_WARN_UNREACHABLE_CODE = YES;
				CLANG_WARN__DUPLICATE_METHOD_MATCH = YES;
				"CODE_SIGN_IDENTITY[sdk=iphoneos*]" = "iPhone Developer";
				COPY_PHASE_STRIP = NO;
				DEBUG_INFORMATION_FORMAT = "dwarf-with-dsym";
				ENABLE_STRICT_OBJC_MSGSEND = YES;
				GCC_C_LANGUAGE_STANDARD = gnu99;
				GCC_DYNAMIC_NO_PIC = NO;
				GCC_NO_COMMON_BLOCKS = YES;
				GCC_OPTIMIZATION_LEVEL = 0;
				GCC_PREPROCESSOR_DEFINITIONS = (
					"DEBUG=1",
					"$(inherited)",
				);
				GCC_SYMBOLS_PRIVATE_EXTERN = NO;
				GCC_WARN_64_TO_32_BIT_CONVERSION = YES;
				GCC_WARN_ABOUT_RETURN_TYPE = YES_ERROR;
				GCC_WARN_UNDECLARED_SELECTOR = YES;
				GCC_WARN_UNINITIALIZED_AUTOS = YES_AGGRESSIVE;
				GCC_WARN_UNUSED_FUNCTION = YES;
				GCC_WARN_UNUSED_VARIABLE = YES;
				IPHONEOS_DEPLOYMENT_TARGET = 8.4;
				MTL_ENABLE_DEBUG_INFO = YES;
				ONLY_ACTIVE_ARCH = YES;
				SDKROOT = iphoneos;
			};
			name = Debug;
		};
		596B17761C2FD84B0036E8C2 /* Release */ = {
			isa = XCBuildConfiguration;
			buildSettings = {
				ALWAYS_SEARCH_USER_PATHS = NO;
				CLANG_CXX_LANGUAGE_STANDARD = "gnu++0x";
				CLANG_CXX_LIBRARY = "libc++";
				CLANG_ENABLE_MODULES = YES;
				CLANG_ENABLE_OBJC_ARC = YES;
				CLANG_WARN_BOOL_CONVERSION = YES;
				CLANG_WARN_CONSTANT_CONVERSION = YES;
				CLANG_WARN_DIRECT_OBJC_ISA_USAGE = YES_ERROR;
				CLANG_WARN_EMPTY_BODY = YES;
				CLANG_WARN_ENUM_CONVERSION = YES;
				CLANG_WARN_INT_CONVERSION = YES;
				CLANG_WARN_OBJC_ROOT_CLASS = YES_ERROR;
				CLANG_WARN_UNREACHABLE_CODE = YES;
				CLANG_WARN__DUPLICATE_METHOD_MATCH = YES;
				"CODE_SIGN_IDENTITY[sdk=iphoneos*]" = "iPhone Developer";
				COPY_PHASE_STRIP = NO;
				DEBUG_INFORMATION_FORMAT = "dwarf-with-dsym";
				ENABLE_NS_ASSERTIONS = NO;
				ENABLE_STRICT_OBJC_MSGSEND = YES;
				GCC_C_LANGUAGE_STANDARD = gnu99;
				GCC_NO_COMMON_BLOCKS = YES;
				GCC_WARN_64_TO_32_BIT_CONVERSION = YES;
				GCC_WARN_ABOUT_RETURN_TYPE = YES_ERROR;
				GCC_WARN_UNDECLARED_SELECTOR = YES;
				GCC_WARN_UNINITIALIZED_AUTOS = YES_AGGRESSIVE;
				GCC_WARN_UNUSED_FUNCTION = YES;
				GCC_WARN_UNUSED_VARIABLE = YES;
				IPHONEOS_DEPLOYMENT_TARGET = 8.4;
				MTL_ENABLE_DEBUG_INFO = NO;
				SDKROOT = iphoneos;
				VALIDATE_PRODUCT = YES;
			};
			name = Release;
		};
		596B17781C2FD84B0036E8C2 /* Debug */ = {
			isa = XCBuildConfiguration;
			buildSettings = {
				ASSETCATALOG_COMPILER_APPICON_NAME = AppIcon;
				INFOPLIST_FILE = MyPod/Info.plist;
				LD_RUNPATH_SEARCH_PATHS = "$(inherited) @executable_path/Frameworks";
				PRODUCT_NAME = "$(TARGET_NAME)";
			};
			name = Debug;
		};
		596B17791C2FD84B0036E8C2 /* Release */ = {
			isa = XCBuildConfiguration;
			buildSettings = {
				ASSETCATALOG_COMPILER_APPICON_NAME = AppIcon;
				INFOPLIST_FILE = MyPod/Info.plist;
				LD_RUNPATH_SEARCH_PATHS = "$(inherited) @executable_path/Frameworks";
				PRODUCT_NAME = "$(TARGET_NAME)";
			};
			name = Release;
		};
		596B177B1C2FD84B0036E8C2 /* Debug */ = {
			isa = XCBuildConfiguration;
			buildSettings = {
				BUNDLE_LOADER = "$(TEST_HOST)";
				FRAMEWORK_SEARCH_PATHS = (
					"$(SDKROOT)/Developer/Library/Frameworks",
					"$(inherited)",
				);
				GCC_PREPROCESSOR_DEFINITIONS = (
					"DEBUG=1",
					"$(inherited)",
				);
				INFOPLIST_FILE = MyPodTests/Info.plist;
				LD_RUNPATH_SEARCH_PATHS = "$(inherited) @executable_path/Frameworks @loader_path/Frameworks";
				PRODUCT_NAME = "$(TARGET_NAME)";
				TEST_HOST = "$(BUILT_PRODUCTS_DIR)/MyPod.app/MyPod";
			};
			name = Debug;
		};
		596B177C1C2FD84B0036E8C2 /* Release */ = {
			isa = XCBuildConfiguration;
			buildSettings = {
				BUNDLE_LOADER = "$(TEST_HOST)";
				FRAMEWORK_SEARCH_PATHS = (
					"$(SDKROOT)/Developer/Library/Frameworks",
					"$(inherited)",
				);
				INFOPLIST_FILE = MyPodTests/Info.plist;
				LD_RUNPATH_SEARCH_PATHS = "$(inherited) @executable_path/Frameworks @loader_path/Frameworks";
				PRODUCT_NAME = "$(TARGET_NAME)";
				TEST_HOST = "$(BUILT_PRODUCTS_DIR)/MyPod.app/MyPod";
			};
			name = Release;
		};
/* End XCBuildConfiguration section */

/* Begin XCConfigurationList section */
		596B174F1C2FD84B0036E8C2 /* Build configuration list for PBXProject "MyPod" */ = {
			isa = XCConfigurationList;
			buildConfigurations = (
				596B17751C2FD84B0036E8C2 /* Debug */,
				596B17761C2FD84B0036E8C2 /* Release */,
			);
			defaultConfigurationIsVisible = 0;
			defaultConfigurationName = Release;
		};
		596B17771C2FD84B0036E8C2 /* Build configuration list for PBXNativeTarget "MyPod" */ = {
			isa = XCConfigurationList;
			buildConfigurations = (
				596B17781C2FD84B0036E8C2 /* Debug */,
				596B17791C2FD84B0036E8C2 /* Release */,
			);
			defaultConfigurationIsVisible = 0;
		};
		596B177A1C2FD84B0036E8C2 /* Build configuration list for PBXNativeTarget "MyPodTests" */ = {
			isa = XCConfigurationList;
			buildConfigurations = (
				596B177B1C2FD84B0036E8C2 /* Debug */,
				596B177C1C2FD84B0036E8C2 /* Release */,
			);
			defaultConfigurationIsVisible = 0;
		};
/* End XCConfigurationList section */
	};
	rootObject = 596B174C1C2FD84B0036E8C2 /* Project object */;
}
